
Microsoft Visual Studio Solution File, Format Version 12.00
# Visual Studio Version 16
VisualStudioVersion = 16.0.29324.140
MinimumVisualStudioVersion = 10.0.40219.1
Project("{FAE04EC0-301F-11D3-BF4B-00C04F79EFBC}") = "partyInvity", "partyInvity\partyInvity.csproj", "{7C1ECD40-62F6-4223-8343-320ABEC8A35E}"
EndProject
Global
	GlobalSection(SolutionConfigurationPlatforms) = preSolution
		Debug|Any CPU = Debug|Any CPU
		Release|Any CPU = Release|Any CPU
	EndGlobalSection
	GlobalSection(ProjectConfigurationPlatforms) = postSolution
		{7C1ECD40-62F6-4223-8343-320ABEC8A35E}.Debug|Any CPU.ActiveCfg = Debug|Any CPU
		{7C1ECD40-62F6-4223-8343-320ABEC8A35E}.Debug|Any CPU.Build.0 = Debug|Any CPU
		{7C1ECD40-62F6-4223-8343-320ABEC8A35E}.Release|Any CPU.ActiveCfg = Release|Any CPU
		{7C1ECD40-62F6-4223-8343-320ABEC8A35E}.Release|Any CPU.Build.0 = Release|Any CPU
	EndGlobalSection
	GlobalSection(SolutionProperties) = preSolution
		HideSolutionNode = FALSE
	EndGlobalSection
	GlobalSection(ExtensibilityGlobals) = postSolution
		SolutionGuid = {73F5B4EE-C9B3-48BF-A08F-88195952364E}
	EndGlobalSection
EndGlobal
